schema: '2.0'
stages:
  snakemake:
    cmd: snakemake --configfile=config/dynamic.yml --profile workflow/profiles/local
    deps:
    - path: config/dynamic.yml
      md5: c13cdb4031ee94fc121a514d87e8d88f
      size: 2501
    outs:
    - path: results/annotated_input
      md5: a7cb1f5c46ecdf0649a4a107c631c572.dir
      size: 118620735
      nfiles: 20
    - path: results/ebm
      md5: 22ac161d424f944915de89fae648a277.dir
      size: 46012448
      nfiles: 34
