schema: '2.0'
stages:
  snakemake:
    cmd: snakemake -p --verbose -r -j 1 --use-conda --cores 1
    deps:
    - path: config/dynamic.yml
      md5: 68d0beb18df18da3aabb67d9ff5e1109
      size: 2858
    outs:
    - path: results/annotated_input
      md5: 03e878f59286c2849260987b069ae6d7.dir
      size: 1235640512
      nfiles: 20
    - path: results/ebm
      md5: d1cf9c3cd67409db8d1d83e8fb23e01d.dir
      size: 4094566780
      nfiles: 96
