schema: '2.0'
stages:
  snakemake:
    cmd: snakemake -p --verbose -r -j 1 --use-conda --cores 1
    deps:
    - path: config/dynamic.yml
      md5: d7095638ae58b77c3954a81c5bb2bf41
      size: 938
    outs:
    - path: results/ebm
      md5: 6cdf4064e4af8a3acf7e14ce97e281e0.dir
      size: 17535870
      nfiles: 40
